
Microsoft Visual Studio Solution File, Format Version 12.00
# Visual Studio Version 16
VisualStudioVersion = 16.0.29409.12
MinimumVisualStudioVersion = 10.0.40219.1
Project("{FAE04EC0-301F-11D3-BF4B-00C04F79EFBC}") = "MultiThread", "MultiThread\MultiThread.csproj", "{1F2F6F11-395F-4C19-A6CD-3FBF7F0682E1}"
EndProject
Global
	GlobalSection(SolutionConfigurationPlatforms) = preSolution
		Debug|Any CPU = Debug|Any CPU
		Release|Any CPU = Release|Any CPU
	EndGlobalSection
	GlobalSection(ProjectConfigurationPlatforms) = postSolution
		{1F2F6F11-395F-4C19-A6CD-3FBF7F0682E1}.Debug|Any CPU.ActiveCfg = Debug|Any CPU
		{1F2F6F11-395F-4C19-A6CD-3FBF7F0682E1}.Debug|Any CPU.Build.0 = Debug|Any CPU
		{1F2F6F11-395F-4C19-A6CD-3FBF7F0682E1}.Release|Any CPU.ActiveCfg = Release|Any CPU
		{1F2F6F11-395F-4C19-A6CD-3FBF7F0682E1}.Release|Any CPU.Build.0 = Release|Any CPU
	EndGlobalSection
	GlobalSection(SolutionProperties) = preSolution
		HideSolutionNode = FALSE
	EndGlobalSection
	GlobalSection(ExtensibilityGlobals) = postSolution
		SolutionGuid = {7250CD8B-10FE-4530-92E2-A02933D8BBC0}
	EndGlobalSection
EndGlobal
